{
  "object": {
    "pins": [
      {
        "package": "Files",
        "repositoryURL": "https://github.com/JohnSundell/Files.git",
        "state": {
          "branch": null,
          "revision": "92b57bea0e737e7d92b5ff281f46ec2b59faf91c",
          "version": "3.1.0"
        }
      },
      {
        "package": "SwiftCLI",
        "repositoryURL": "https://github.com/jakeheis/SwiftCLI",
        "state": {
          "branch": null,
          "revision": "a777ece1f36170c53bc9b76485e7d03ff2012300",
          "version": "5.3.1"
        }
      },
      {
        "package": "SwiftSoup",
        "repositoryURL": "https://github.com/scinfu/SwiftSoup.git",
        "state": {
          "branch": null,
          "revision": "a2b316e9574c6904e08995290a975cb16693ac24",
          "version": "2.2.0"
        }
      }
    ]
  },
  "version": 1
}
